
Microsoft Visual Studio Solution File, Format Version 12.00
# Visual Studio Version 17
VisualStudioVersion = 17.14.36414.22 d17.14
MinimumVisualStudioVersion = 10.0.40219.1
Project("{FAE04EC0-301F-11D3-BF4B-00C04F79EFBC}") = "01_HelloWorld", "HelloWorld\01_HelloWorld.csproj", "{7F88EE18-EA80-4485-AA53-2F17428C1DD5}"
EndProject
Project("{FAE04EC0-301F-11D3-BF4B-00C04F79EFBC}") = "02_HelloUser", "02_HelloUser\02_HelloUser.csproj", "{56FE6803-0370-4AE7-AA51-2D320D856F87}"
EndProject
Project("{FAE04EC0-301F-11D3-BF4B-00C04F79EFBC}") = "03_AddOne", "03_AddOne\03_AddOne.csproj", "{39AAC78C-BD16-4CFF-A023-19FE1B61E85B}"
EndProject
Global
	GlobalSection(SolutionConfigurationPlatforms) = preSolution
		Debug|Any CPU = Debug|Any CPU
		Release|Any CPU = Release|Any CPU
	EndGlobalSection
	GlobalSection(ProjectConfigurationPlatforms) = postSolution
		{7F88EE18-EA80-4485-AA53-2F17428C1DD5}.Debug|Any CPU.ActiveCfg = Debug|Any CPU
		{7F88EE18-EA80-4485-AA53-2F17428C1DD5}.Debug|Any CPU.Build.0 = Debug|Any CPU
		{7F88EE18-EA80-4485-AA53-2F17428C1DD5}.Release|Any CPU.ActiveCfg = Release|Any CPU
		{7F88EE18-EA80-4485-AA53-2F17428C1DD5}.Release|Any CPU.Build.0 = Release|Any CPU
		{56FE6803-0370-4AE7-AA51-2D320D856F87}.Debug|Any CPU.ActiveCfg = Debug|Any CPU
		{56FE6803-0370-4AE7-AA51-2D320D856F87}.Debug|Any CPU.Build.0 = Debug|Any CPU
		{56FE6803-0370-4AE7-AA51-2D320D856F87}.Release|Any CPU.ActiveCfg = Release|Any CPU
		{56FE6803-0370-4AE7-AA51-2D320D856F87}.Release|Any CPU.Build.0 = Release|Any CPU
		{39AAC78C-BD16-4CFF-A023-19FE1B61E85B}.Debug|Any CPU.ActiveCfg = Debug|Any CPU
		{39AAC78C-BD16-4CFF-A023-19FE1B61E85B}.Debug|Any CPU.Build.0 = Debug|Any CPU
		{39AAC78C-BD16-4CFF-A023-19FE1B61E85B}.Release|Any CPU.ActiveCfg = Release|Any CPU
		{39AAC78C-BD16-4CFF-A023-19FE1B61E85B}.Release|Any CPU.Build.0 = Release|Any CPU
	EndGlobalSection
	GlobalSection(SolutionProperties) = preSolution
		HideSolutionNode = FALSE
	EndGlobalSection
	GlobalSection(ExtensibilityGlobals) = postSolution
		SolutionGuid = {AD306149-7031-4E0D-96B2-ECA68D58069D}
	EndGlobalSection
EndGlobal
